
Microsoft Visual Studio Solution File, Format Version 12.00
# Visual Studio 14
VisualStudioVersion = 14.0.23107.0
MinimumVisualStudioVersion = 10.0.40219.1
Project("{FAE04EC0-301F-11D3-BF4B-00C04F79EFBC}") = "JSNLog.Tests", "JSNLog.Tests\JSNLog.Tests.csproj", "{597E30CD-D5D5-4D61-B3B9-E1E647643ADF}"
EndProject
Project("{FAE04EC0-301F-11D3-BF4B-00C04F79EFBC}") = "JSNLog", "JSNLog\JSNLog.csproj", "{3CC2929C-A313-4CA6-B8EF-D1A2590E5DBB}"
EndProject
Global
	GlobalSection(SolutionConfigurationPlatforms) = preSolution
		Debug|Any CPU = Debug|Any CPU
		Release|Any CPU = Release|Any CPU
	EndGlobalSection
	GlobalSection(ProjectConfigurationPlatforms) = postSolution
		{597E30CD-D5D5-4D61-B3B9-E1E647643ADF}.Debug|Any CPU.ActiveCfg = Debug|Any CPU
		{597E30CD-D5D5-4D61-B3B9-E1E647643ADF}.Debug|Any CPU.Build.0 = Debug|Any CPU
		{597E30CD-D5D5-4D61-B3B9-E1E647643ADF}.Release|Any CPU.ActiveCfg = Release|Any CPU
		{597E30CD-D5D5-4D61-B3B9-E1E647643ADF}.Release|Any CPU.Build.0 = Release|Any CPU
		{3CC2929C-A313-4CA6-B8EF-D1A2590E5DBB}.Debug|Any CPU.ActiveCfg = Debug|Any CPU
		{3CC2929C-A313-4CA6-B8EF-D1A2590E5DBB}.Debug|Any CPU.Build.0 = Debug|Any CPU
		{3CC2929C-A313-4CA6-B8EF-D1A2590E5DBB}.Release|Any CPU.ActiveCfg = Release|Any CPU
		{3CC2929C-A313-4CA6-B8EF-D1A2590E5DBB}.Release|Any CPU.Build.0 = Release|Any CPU
	EndGlobalSection
	GlobalSection(SolutionProperties) = preSolution
		HideSolutionNode = FALSE
	EndGlobalSection
EndGlobal
