
Microsoft Visual Studio Solution File, Format Version 12.00
# Visual Studio Version 16
VisualStudioVersion = 16.0.31702.278
MinimumVisualStudioVersion = 10.0.40219.1
Project("{9A19103F-16F7-4668-BE54-9A1E7A4F7556}") = "jsnlog", "jsnlog\jsnlog.csproj", "{11B79AEC-E8C7-4E36-BBE9-ED1496336E3D}"
EndProject
Project("{FAE04EC0-301F-11D3-BF4B-00C04F79EFBC}") = "jsnlog.test.net3", "jsnlog.test.net3\jsnlog.test.net3.csproj", "{78D64982-B717-4446-92C6-B8C560C1EC66}"
EndProject
Global
	GlobalSection(SolutionConfigurationPlatforms) = preSolution
		Debug|Any CPU = Debug|Any CPU
		Release|Any CPU = Release|Any CPU
	EndGlobalSection
	GlobalSection(ProjectConfigurationPlatforms) = postSolution
		{11B79AEC-E8C7-4E36-BBE9-ED1496336E3D}.Debug|Any CPU.ActiveCfg = Debug|Any CPU
		{11B79AEC-E8C7-4E36-BBE9-ED1496336E3D}.Debug|Any CPU.Build.0 = Debug|Any CPU
		{11B79AEC-E8C7-4E36-BBE9-ED1496336E3D}.Release|Any CPU.ActiveCfg = Release|Any CPU
		{11B79AEC-E8C7-4E36-BBE9-ED1496336E3D}.Release|Any CPU.Build.0 = Release|Any CPU
		{78D64982-B717-4446-92C6-B8C560C1EC66}.Debug|Any CPU.ActiveCfg = Debug|Any CPU
		{78D64982-B717-4446-92C6-B8C560C1EC66}.Debug|Any CPU.Build.0 = Debug|Any CPU
		{78D64982-B717-4446-92C6-B8C560C1EC66}.Release|Any CPU.ActiveCfg = Release|Any CPU
		{78D64982-B717-4446-92C6-B8C560C1EC66}.Release|Any CPU.Build.0 = Release|Any CPU
	EndGlobalSection
	GlobalSection(SolutionProperties) = preSolution
		HideSolutionNode = FALSE
	EndGlobalSection
	GlobalSection(ExtensibilityGlobals) = postSolution
		SolutionGuid = {31A58FC8-E407-41F3-A7EE-A19303059A91}
	EndGlobalSection
EndGlobal
