
Microsoft Visual Studio Solution File, Format Version 12.00
# Visual Studio 2012
Project("{FAE04EC0-301F-11D3-BF4B-00C04F79EFBC}") = "EmptyTestSiteLog4Net", "EmptyTestSiteLog4Net.csproj", "{1EB12C39-42F2-4782-8A7B-AB533B2F83E6}"
EndProject
Global
	GlobalSection(SolutionConfigurationPlatforms) = preSolution
		Debug|Any CPU = Debug|Any CPU
		Release|Any CPU = Release|Any CPU
	EndGlobalSection
	GlobalSection(ProjectConfigurationPlatforms) = postSolution
		{1EB12C39-42F2-4782-8A7B-AB533B2F83E6}.Debug|Any CPU.ActiveCfg = Debug|Any CPU
		{1EB12C39-42F2-4782-8A7B-AB533B2F83E6}.Debug|Any CPU.Build.0 = Debug|Any CPU
		{1EB12C39-42F2-4782-8A7B-AB533B2F83E6}.Release|Any CPU.ActiveCfg = Release|Any CPU
		{1EB12C39-42F2-4782-8A7B-AB533B2F83E6}.Release|Any CPU.Build.0 = Release|Any CPU
	EndGlobalSection
	GlobalSection(SolutionProperties) = preSolution
		HideSolutionNode = FALSE
	EndGlobalSection
EndGlobal
